
Microsoft Visual Studio Solution File, Format Version 12.00
# Visual Studio Version 16
VisualStudioVersion = 16.0.31313.79
MinimumVisualStudioVersion = 10.0.40219.1
Project("{FAE04EC0-301F-11D3-BF4B-00C04F79EFBC}") = "BehaviorTriggers.UWP", "BehaviorTriggers\BehaviorTriggers.UWP\BehaviorTriggers.UWP.csproj", "{283A44E4-9CBF-4F7F-A481-B8A6AAECA016}"
EndProject
Project("{FAE04EC0-301F-11D3-BF4B-00C04F79EFBC}") = "BehaviorTriggers.Android", "BehaviorTriggers\BehaviorTriggers.Android\BehaviorTriggers.Android.csproj", "{31C5543B-B176-461F-A1DA-22A662298381}"
EndProject
Project("{FAE04EC0-301F-11D3-BF4B-00C04F79EFBC}") = "BehaviorTriggers.iOS", "BehaviorTriggers\BehaviorTriggers.iOS\BehaviorTriggers.iOS.csproj", "{1325D5CD-F6D6-4ADC-B625-F3DC54656E13}"
EndProject
Project("{FAE04EC0-301F-11D3-BF4B-00C04F79EFBC}") = "BehaviorTriggers", "BehaviorTriggers\BehaviorTriggers\BehaviorTriggers.csproj", "{23D7CB17-E9D9-4136-9E7F-3866E2601F15}"
EndProject
Global
	GlobalSection(SolutionConfigurationPlatforms) = preSolution
		Debug|Any CPU = Debug|Any CPU
		Debug|ARM = Debug|ARM
		Debug|iPhone = Debug|iPhone
		Debug|iPhoneSimulator = Debug|iPhoneSimulator
		Debug|x64 = Debug|x64
		Debug|x86 = Debug|x86
		Release|Any CPU = Release|Any CPU
		Release|ARM = Release|ARM
		Release|iPhone = Release|iPhone
		Release|iPhoneSimulator = Release|iPhoneSimulator
		Release|x64 = Release|x64
		Release|x86 = Release|x86
	EndGlobalSection
	GlobalSection(ProjectConfigurationPlatforms) = postSolution
		{283A44E4-9CBF-4F7F-A481-B8A6AAECA016}.Debug|Any CPU.ActiveCfg = Debug|x86
		{283A44E4-9CBF-4F7F-A481-B8A6AAECA016}.Debug|Any CPU.Build.0 = Debug|x86
		{283A44E4-9CBF-4F7F-A481-B8A6AAECA016}.Debug|Any CPU.Deploy.0 = Debug|x86
		{283A44E4-9CBF-4F7F-A481-B8A6AAECA016}.Debug|ARM.ActiveCfg = Debug|ARM
		{283A44E4-9CBF-4F7F-A481-B8A6AAECA016}.Debug|ARM.Build.0 = Debug|ARM
		{283A44E4-9CBF-4F7F-A481-B8A6AAECA016}.Debug|ARM.Deploy.0 = Debug|ARM
		{283A44E4-9CBF-4F7F-A481-B8A6AAECA016}.Debug|iPhone.ActiveCfg = Debug|x86
		{283A44E4-9CBF-4F7F-A481-B8A6AAECA016}.Debug|iPhone.Build.0 = Debug|x86
		{283A44E4-9CBF-4F7F-A481-B8A6AAECA016}.Debug|iPhone.Deploy.0 = Debug|x86
		{283A44E4-9CBF-4F7F-A481-B8A6AAECA016}.Debug|iPhoneSimulator.ActiveCfg = Debug|x86
		{283A44E4-9CBF-4F7F-A481-B8A6AAECA016}.Debug|iPhoneSimulator.Build.0 = Debug|x86
		{283A44E4-9CBF-4F7F-A481-B8A6AAECA016}.Debug|iPhoneSimulator.Deploy.0 = Debug|x86
		{283A44E4-9CBF-4F7F-A481-B8A6AAECA016}.Debug|x64.ActiveCfg = Debug|x64
		{283A44E4-9CBF-4F7F-A481-B8A6AAECA016}.Debug|x64.Build.0 = Debug|x64
		{283A44E4-9CBF-4F7F-A481-B8A6AAECA016}.Debug|x64.Deploy.0 = Debug|x64
		{283A44E4-9CBF-4F7F-A481-B8A6AAECA016}.Debug|x86.ActiveCfg = Debug|x86
		{283A44E4-9CBF-4F7F-A481-B8A6AAECA016}.Debug|x86.Build.0 = Debug|x86
		{283A44E4-9CBF-4F7F-A481-B8A6AAECA016}.Debug|x86.Deploy.0 = Debug|x86
		{283A44E4-9CBF-4F7F-A481-B8A6AAECA016}.Release|Any CPU.ActiveCfg = Release|x86
		{283A44E4-9CBF-4F7F-A481-B8A6AAECA016}.Release|Any CPU.Build.0 = Release|x86
		{283A44E4-9CBF-4F7F-A481-B8A6AAECA016}.Release|Any CPU.Deploy.0 = Release|x86
		{283A44E4-9CBF-4F7F-A481-B8A6AAECA016}.Release|ARM.ActiveCfg = Release|ARM
		{283A44E4-9CBF-4F7F-A481-B8A6AAECA016}.Release|ARM.Build.0 = Release|ARM
		{283A44E4-9CBF-4F7F-A481-B8A6AAECA016}.Release|ARM.Deploy.0 = Release|ARM
		{283A44E4-9CBF-4F7F-A481-B8A6AAECA016}.Release|iPhone.ActiveCfg = Release|x86
		{283A44E4-9CBF-4F7F-A481-B8A6AAECA016}.Release|iPhone.Build.0 = Release|x86
		{283A44E4-9CBF-4F7F-A481-B8A6AAECA016}.Release|iPhone.Deploy.0 = Release|x86
		{283A44E4-9CBF-4F7F-A481-B8A6AAECA016}.Release|iPhoneSimulator.ActiveCfg = Release|x86
		{283A44E4-9CBF-4F7F-A481-B8A6AAECA016}.Release|iPhoneSimulator.Build.0 = Release|x86
		{283A44E4-9CBF-4F7F-A481-B8A6AAECA016}.Release|iPhoneSimulator.Deploy.0 = Release|x86
		{283A44E4-9CBF-4F7F-A481-B8A6AAECA016}.Release|x64.ActiveCfg = Release|x64
		{283A44E4-9CBF-4F7F-A481-B8A6AAECA016}.Release|x64.Build.0 = Release|x64
		{283A44E4-9CBF-4F7F-A481-B8A6AAECA016}.Release|x64.Deploy.0 = Release|x64
		{283A44E4-9CBF-4F7F-A481-B8A6AAECA016}.Release|x86.ActiveCfg = Release|x86
		{283A44E4-9CBF-4F7F-A481-B8A6AAECA016}.Release|x86.Build.0 = Release|x86
		{283A44E4-9CBF-4F7F-A481-B8A6AAECA016}.Release|x86.Deploy.0 = Release|x86
		{31C5543B-B176-461F-A1DA-22A662298381}.Debug|Any CPU.ActiveCfg = Debug|Any CPU
		{31C5543B-B176-461F-A1DA-22A662298381}.Debug|Any CPU.Build.0 = Debug|Any CPU
		{31C5543B-B176-461F-A1DA-22A662298381}.Debug|Any CPU.Deploy.0 = Debug|Any CPU
		{31C5543B-B176-461F-A1DA-22A662298381}.Debug|ARM.ActiveCfg = Debug|Any CPU
		{31C5543B-B176-461F-A1DA-22A662298381}.Debug|ARM.Build.0 = Debug|Any CPU
		{31C5543B-B176-461F-A1DA-22A662298381}.Debug|ARM.Deploy.0 = Debug|Any CPU
		{31C5543B-B176-461F-A1DA-22A662298381}.Debug|iPhone.ActiveCfg = Debug|Any CPU
		{31C5543B-B176-461F-A1DA-22A662298381}.Debug|iPhone.Build.0 = Debug|Any CPU
		{31C5543B-B176-461F-A1DA-22A662298381}.Debug|iPhone.Deploy.0 = Debug|Any CPU
		{31C5543B-B176-461F-A1DA-22A662298381}.Debug|iPhoneSimulator.ActiveCfg = Debug|Any CPU
		{31C5543B-B176-461F-A1DA-22A662298381}.Debug|iPhoneSimulator.Build.0 = Debug|Any CPU
		{31C5543B-B176-461F-A1DA-22A662298381}.Debug|iPhoneSimulator.Deploy.0 = Debug|Any CPU
		{31C5543B-B176-461F-A1DA-22A662298381}.Debug|x64.ActiveCfg = Debug|Any CPU
		{31C5543B-B176-461F-A1DA-22A662298381}.Debug|x64.Build.0 = Debug|Any CPU
		{31C5543B-B176-461F-A1DA-22A662298381}.Debug|x64.Deploy.0 = Debug|Any CPU
		{31C5543B-B176-461F-A1DA-22A662298381}.Debug|x86.ActiveCfg = Debug|Any CPU
		{31C5543B-B176-461F-A1DA-22A662298381}.Debug|x86.Build.0 = Debug|Any CPU
		{31C5543B-B176-461F-A1DA-22A662298381}.Debug|x86.Deploy.0 = Debug|Any CPU
		{31C5543B-B176-461F-A1DA-22A662298381}.Release|Any CPU.ActiveCfg = Release|Any CPU
		{31C5543B-B176-461F-A1DA-22A662298381}.Release|Any CPU.Build.0 = Release|Any CPU
		{31C5543B-B176-461F-A1DA-22A662298381}.Release|Any CPU.Deploy.0 = Release|Any CPU
		{31C5543B-B176-461F-A1DA-22A662298381}.Release|ARM.ActiveCfg = Release|Any CPU
		{31C5543B-B176-461F-A1DA-22A662298381}.Release|ARM.Build.0 = Release|Any CPU
		{31C5543B-B176-461F-A1DA-22A662298381}.Release|ARM.Deploy.0 = Release|Any CPU
		{31C5543B-B176-461F-A1DA-22A662298381}.Release|iPhone.ActiveCfg = Release|Any CPU
		{31C5543B-B176-461F-A1DA-22A662298381}.Release|iPhone.Build.0 = Release|Any CPU
		{31C5543B-B176-461F-A1DA-22A662298381}.Release|iPhone.Deploy.0 = Release|Any CPU
		{31C5543B-B176-461F-A1DA-22A662298381}.Release|iPhoneSimulator.ActiveCfg = Release|Any CPU
		{31C5543B-B176-461F-A1DA-22A662298381}.Release|iPhoneSimulator.Build.0 = Release|Any CPU
		{31C5543B-B176-461F-A1DA-22A662298381}.Release|iPhoneSimulator.Deploy.0 = Release|Any CPU
		{31C5543B-B176-461F-A1DA-22A662298381}.Release|x64.ActiveCfg = Release|Any CPU
		{31C5543B-B176-461F-A1DA-22A662298381}.Release|x64.Build.0 = Release|Any CPU
		{31C5543B-B176-461F-A1DA-22A662298381}.Release|x64.Deploy.0 = Release|Any CPU
		{31C5543B-B176-461F-A1DA-22A662298381}.Release|x86.ActiveCfg = Release|Any CPU
		{31C5543B-B176-461F-A1DA-22A662298381}.Release|x86.Build.0 = Release|Any CPU
		{31C5543B-B176-461F-A1DA-22A662298381}.Release|x86.Deploy.0 = Release|Any CPU
		{1325D5CD-F6D6-4ADC-B625-F3DC54656E13}.Debug|Any CPU.ActiveCfg = Debug|iPhoneSimulator
		{1325D5CD-F6D6-4ADC-B625-F3DC54656E13}.Debug|Any CPU.Build.0 = Debug|iPhoneSimulator
		{1325D5CD-F6D6-4ADC-B625-F3DC54656E13}.Debug|Any CPU.Deploy.0 = Debug|iPhoneSimulator
		{1325D5CD-F6D6-4ADC-B625-F3DC54656E13}.Debug|ARM.ActiveCfg = Debug|iPhone
		{1325D5CD-F6D6-4ADC-B625-F3DC54656E13}.Debug|ARM.Build.0 = Debug|iPhone
		{1325D5CD-F6D6-4ADC-B625-F3DC54656E13}.Debug|ARM.Deploy.0 = Debug|iPhone
		{1325D5CD-F6D6-4ADC-B625-F3DC54656E13}.Debug|iPhone.ActiveCfg = Debug|iPhone
		{1325D5CD-F6D6-4ADC-B625-F3DC54656E13}.Debug|iPhone.Build.0 = Debug|iPhone
		{1325D5CD-F6D6-4ADC-B625-F3DC54656E13}.Debug|iPhone.Deploy.0 = Debug|iPhone
		{1325D5CD-F6D6-4ADC-B625-F3DC54656E13}.Debug|iPhoneSimulator.ActiveCfg = Debug|iPhoneSimulator
		{1325D5CD-F6D6-4ADC-B625-F3DC54656E13}.Debug|iPhoneSimulator.Build.0 = Debug|iPhoneSimulator
		{1325D5CD-F6D6-4ADC-B625-F3DC54656E13}.Debug|iPhoneSimulator.Deploy.0 = Debug|iPhoneSimulator
		{1325D5CD-F6D6-4ADC-B625-F3DC54656E13}.Debug|x64.ActiveCfg = Debug|iPhoneSimulator
		{1325D5CD-F6D6-4ADC-B625-F3DC54656E13}.Debug|x64.Build.0 = Debug|iPhoneSimulator
		{1325D5CD-F6D6-4ADC-B625-F3DC54656E13}.Debug|x64.Deploy.0 = Debug|iPhoneSimulator
		{1325D5CD-F6D6-4ADC-B625-F3DC54656E13}.Debug|x86.ActiveCfg = Debug|iPhoneSimulator
		{1325D5CD-F6D6-4ADC-B625-F3DC54656E13}.Debug|x86.Build.0 = Debug|iPhoneSimulator
		{1325D5CD-F6D6-4ADC-B625-F3DC54656E13}.Debug|x86.Deploy.0 = Debug|iPhoneSimulator
		{1325D5CD-F6D6-4ADC-B625-F3DC54656E13}.Release|Any CPU.ActiveCfg = Release|iPhoneSimulator
		{1325D5CD-F6D6-4ADC-B625-F3DC54656E13}.Release|Any CPU.Build.0 = Release|iPhoneSimulator
		{1325D5CD-F6D6-4ADC-B625-F3DC54656E13}.Release|Any CPU.Deploy.0 = Release|iPhoneSimulator
		{1325D5CD-F6D6-4ADC-B625-F3DC54656E13}.Release|ARM.ActiveCfg = Release|iPhoneSimulator
		{1325D5CD-F6D6-4ADC-B625-F3DC54656E13}.Release|ARM.Build.0 = Release|iPhoneSimulator
		{1325D5CD-F6D6-4ADC-B625-F3DC54656E13}.Release|ARM.Deploy.0 = Release|iPhoneSimulator
		{1325D5CD-F6D6-4ADC-B625-F3DC54656E13}.Release|iPhone.ActiveCfg = Release|iPhone
		{1325D5CD-F6D6-4ADC-B625-F3DC54656E13}.Release|iPhone.Build.0 = Release|iPhone
		{1325D5CD-F6D6-4ADC-B625-F3DC54656E13}.Release|iPhone.Deploy.0 = Release|iPhone
		{1325D5CD-F6D6-4ADC-B625-F3DC54656E13}.Release|iPhoneSimulator.ActiveCfg = Release|iPhoneSimulator
		{1325D5CD-F6D6-4ADC-B625-F3DC54656E13}.Release|iPhoneSimulator.Build.0 = Release|iPhoneSimulator
		{1325D5CD-F6D6-4ADC-B625-F3DC54656E13}.Release|iPhoneSimulator.Deploy.0 = Release|iPhoneSimulator
		{1325D5CD-F6D6-4ADC-B625-F3DC54656E13}.Release|x64.ActiveCfg = Release|iPhoneSimulator
		{1325D5CD-F6D6-4ADC-B625-F3DC54656E13}.Release|x64.Build.0 = Release|iPhoneSimulator
		{1325D5CD-F6D6-4ADC-B625-F3DC54656E13}.Release|x64.Deploy.0 = Release|iPhoneSimulator
		{1325D5CD-F6D6-4ADC-B625-F3DC54656E13}.Release|x86.ActiveCfg = Release|iPhoneSimulator
		{1325D5CD-F6D6-4ADC-B625-F3DC54656E13}.Release|x86.Build.0 = Release|iPhoneSimulator
		{1325D5CD-F6D6-4ADC-B625-F3DC54656E13}.Release|x86.Deploy.0 = Release|iPhoneSimulator
		{23D7CB17-E9D9-4136-9E7F-3866E2601F15}.Debug|Any CPU.ActiveCfg = Debug|Any CPU
		{23D7CB17-E9D9-4136-9E7F-3866E2601F15}.Debug|Any CPU.Build.0 = Debug|Any CPU
		{23D7CB17-E9D9-4136-9E7F-3866E2601F15}.Debug|Any CPU.Deploy.0 = Debug|Any CPU
		{23D7CB17-E9D9-4136-9E7F-3866E2601F15}.Debug|ARM.ActiveCfg = Debug|Any CPU
		{23D7CB17-E9D9-4136-9E7F-3866E2601F15}.Debug|ARM.Build.0 = Debug|Any CPU
		{23D7CB17-E9D9-4136-9E7F-3866E2601F15}.Debug|ARM.Deploy.0 = Debug|Any CPU
		{23D7CB17-E9D9-4136-9E7F-3866E2601F15}.Debug|iPhone.ActiveCfg = Debug|Any CPU
		{23D7CB17-E9D9-4136-9E7F-3866E2601F15}.Debug|iPhone.Build.0 = Debug|Any CPU
		{23D7CB17-E9D9-4136-9E7F-3866E2601F15}.Debug|iPhone.Deploy.0 = Debug|Any CPU
		{23D7CB17-E9D9-4136-9E7F-3866E2601F15}.Debug|iPhoneSimulator.ActiveCfg = Debug|Any CPU
		{23D7CB17-E9D9-4136-9E7F-3866E2601F15}.Debug|iPhoneSimulator.Build.0 = Debug|Any CPU
		{23D7CB17-E9D9-4136-9E7F-3866E2601F15}.Debug|iPhoneSimulator.Deploy.0 = Debug|Any CPU
		{23D7CB17-E9D9-4136-9E7F-3866E2601F15}.Debug|x64.ActiveCfg = Debug|Any CPU
		{23D7CB17-E9D9-4136-9E7F-3866E2601F15}.Debug|x64.Build.0 = Debug|Any CPU
		{23D7CB17-E9D9-4136-9E7F-3866E2601F15}.Debug|x64.Deploy.0 = Debug|Any CPU
		{23D7CB17-E9D9-4136-9E7F-3866E2601F15}.Debug|x86.ActiveCfg = Debug|Any CPU
		{23D7CB17-E9D9-4136-9E7F-3866E2601F15}.Debug|x86.Build.0 = Debug|Any CPU
		{23D7CB17-E9D9-4136-9E7F-3866E2601F15}.Debug|x86.Deploy.0 = Debug|Any CPU
		{23D7CB17-E9D9-4136-9E7F-3866E2601F15}.Release|Any CPU.ActiveCfg = Release|Any CPU
		{23D7CB17-E9D9-4136-9E7F-3866E2601F15}.Release|Any CPU.Build.0 = Release|Any CPU
		{23D7CB17-E9D9-4136-9E7F-3866E2601F15}.Release|Any CPU.Deploy.0 = Release|Any CPU
		{23D7CB17-E9D9-4136-9E7F-3866E2601F15}.Release|ARM.ActiveCfg = Release|Any CPU
		{23D7CB17-E9D9-4136-9E7F-3866E2601F15}.Release|ARM.Build.0 = Release|Any CPU
		{23D7CB17-E9D9-4136-9E7F-3866E2601F15}.Release|ARM.Deploy.0 = Release|Any CPU
		{23D7CB17-E9D9-4136-9E7F-3866E2601F15}.Release|iPhone.ActiveCfg = Release|Any CPU
		{23D7CB17-E9D9-4136-9E7F-3866E2601F15}.Release|iPhone.Build.0 = Release|Any CPU
		{23D7CB17-E9D9-4136-9E7F-3866E2601F15}.Release|iPhone.Deploy.0 = Release|Any CPU
		{23D7CB17-E9D9-4136-9E7F-3866E2601F15}.Release|iPhoneSimulator.ActiveCfg = Release|Any CPU
		{23D7CB17-E9D9-4136-9E7F-3866E2601F15}.Release|iPhoneSimulator.Build.0 = Release|Any CPU
		{23D7CB17-E9D9-4136-9E7F-3866E2601F15}.Release|iPhoneSimulator.Deploy.0 = Release|Any CPU
		{23D7CB17-E9D9-4136-9E7F-3866E2601F15}.Release|x64.ActiveCfg = Release|Any CPU
		{23D7CB17-E9D9-4136-9E7F-3866E2601F15}.Release|x64.Build.0 = Release|Any CPU
		{23D7CB17-E9D9-4136-9E7F-3866E2601F15}.Release|x64.Deploy.0 = Release|Any CPU
		{23D7CB17-E9D9-4136-9E7F-3866E2601F15}.Release|x86.ActiveCfg = Release|Any CPU
		{23D7CB17-E9D9-4136-9E7F-3866E2601F15}.Release|x86.Build.0 = Release|Any CPU
		{23D7CB17-E9D9-4136-9E7F-3866E2601F15}.Release|x86.Deploy.0 = Release|Any CPU
	EndGlobalSection
	GlobalSection(SolutionProperties) = preSolution
		HideSolutionNode = FALSE
	EndGlobalSection
	GlobalSection(ExtensibilityGlobals) = postSolution
		SolutionGuid = {04153306-6EBF-4AE0-A43A-F3B5D0924DB6}
	EndGlobalSection
EndGlobal
